
Microsoft Visual Studio Solution File, Format Version 12.00
# Visual Studio 15
VisualStudioVersion = 15.0.33529.398
MinimumVisualStudioVersion = 10.0.40219.1
Project("{FAE04EC0-301F-11D3-BF4B-00C04F79EFBC}") = "CodeBeat_Recipe", "CodeBeat_Recipe\CodeBeat_Recipe.csproj", "{F84BD260-B4A4-4403-A5DA-014C7FA23D72}"
EndProject
Project("{FAE04EC0-301F-11D3-BF4B-00C04F79EFBC}") = "MainForm", "MainForm\MainForm.csproj", "{AC8512DA-A484-469B-802F-0D4B49498001}"
EndProject
Global
	GlobalSection(SolutionConfigurationPlatforms) = preSolution
		Debug|Any CPU = Debug|Any CPU
		Release|Any CPU = Release|Any CPU
	EndGlobalSection
	GlobalSection(ProjectConfigurationPlatforms) = postSolution
		{F84BD260-B4A4-4403-A5DA-014C7FA23D72}.Debug|Any CPU.ActiveCfg = Debug|Any CPU
		{F84BD260-B4A4-4403-A5DA-014C7FA23D72}.Debug|Any CPU.Build.0 = Debug|Any CPU
		{F84BD260-B4A4-4403-A5DA-014C7FA23D72}.Release|Any CPU.ActiveCfg = Release|Any CPU
		{F84BD260-B4A4-4403-A5DA-014C7FA23D72}.Release|Any CPU.Build.0 = Release|Any CPU
		{AC8512DA-A484-469B-802F-0D4B49498001}.Debug|Any CPU.ActiveCfg = Debug|Any CPU
		{AC8512DA-A484-469B-802F-0D4B49498001}.Debug|Any CPU.Build.0 = Debug|Any CPU
		{AC8512DA-A484-469B-802F-0D4B49498001}.Release|Any CPU.ActiveCfg = Release|Any CPU
		{AC8512DA-A484-469B-802F-0D4B49498001}.Release|Any CPU.Build.0 = Release|Any CPU
	EndGlobalSection
	GlobalSection(SolutionProperties) = preSolution
		HideSolutionNode = FALSE
	EndGlobalSection
	GlobalSection(ExtensibilityGlobals) = postSolution
		SolutionGuid = {CAD60781-CB8E-42E7-9146-FEA82C9046C1}
	EndGlobalSection
EndGlobal
